
Microsoft Visual Studio Solution File, Format Version 12.00
# Visual Studio Version 17
VisualStudioVersion = 17.3.32811.315
MinimumVisualStudioVersion = 10.0.40219.1
Project("{888888A0-9F3D-457C-B088-3A5042F75D52}") = "math_problems", "math_problems\math_problems.pyproj", "{252F8D7A-EE2A-45B5-9FB1-253F96353D46}"
EndProject
Global
	GlobalSection(SolutionConfigurationPlatforms) = preSolution
		Debug|Any CPU = Debug|Any CPU
		Release|Any CPU = Release|Any CPU
	EndGlobalSection
	GlobalSection(ProjectConfigurationPlatforms) = postSolution
		{252F8D7A-EE2A-45B5-9FB1-253F96353D46}.Debug|Any CPU.ActiveCfg = Debug|Any CPU
		{252F8D7A-EE2A-45B5-9FB1-253F96353D46}.Release|Any CPU.ActiveCfg = Release|Any CPU
	EndGlobalSection
	GlobalSection(SolutionProperties) = preSolution
		HideSolutionNode = FALSE
	EndGlobalSection
	GlobalSection(ExtensibilityGlobals) = postSolution
		SolutionGuid = {257086FB-19FA-43C2-B772-B3993DE4941E}
	EndGlobalSection
EndGlobal
